// !$*UTF8*$!
{
	archiveVersion = 1;
	classes = {
	};
	objectVersion = 50;
	objects = {

/* Begin PBXBuildFile section */
		841F118B25D2F3F700F04EAF /* AppDelegate.swift in Sources */ = {isa = PBXBuildFile; fileRef = 841F118A25D2F3F700F04EAF /* AppDelegate.swift */; };
		841F118D25D2F3F700F04EAF /* SceneDelegate.swift in Sources */ = {isa = PBXBuildFile; fileRef = 841F118C25D2F3F700F04EAF /* SceneDelegate.swift */; };
		841F118F25D2F3F700F04EAF /* ViewController.swift in Sources */ = {isa = PBXBuildFile; fileRef = 841F118E25D2F3F700F04EAF /* ViewController.swift */; };
		841F119225D2F3F700F04EAF /* Main.storyboard in Resources */ = {isa = PBXBuildFile; fileRef = 841F119025D2F3F700F04EAF /* Main.storyboard */; };
		841F119425D2F3F800F04EAF /* Assets.xcassets in Resources */ = {isa = PBXBuildFile; fileRef = 841F119325D2F3F800F04EAF /* Assets.xcassets */; };
		841F119725D2F3F800F04EAF /* LaunchScreen.storyboard in Resources */ = {isa = PBXBuildFile; fileRef = 841F119525D2F3F800F04EAF /* LaunchScreen.storyboard */; };
/* End PBXBuildFile section */

/* Begin PBXFileReference section */
		841F118725D2F3F700F04EAF /* MyTownAttractions.app */ = {isa = PBXFileReference; explicitFileType = wrapper.application; includeInIndex = 0; path = MyTownAttractions.app; sourceTree = BUILT_PRODUCTS_DIR; };
		841F118A25D2F3F700F04EAF /* AppDelegate.swift */ = {isa = PBXFileReference; lastKnownFileType = sourcecode.swift; path = AppDelegate.swift; sourceTree = "<group>"; };
		841F118C25D2F3F700F04EAF /* SceneDelegate.swift */ = {isa = PBXFileReference; lastKnownFileType = sourcecode.swift; path = SceneDelegate.swift; sourceTree = "<group>"; };
		841F118E25D2F3F700F04EAF /* ViewController.swift */ = {isa = PBXFileReference; lastKnownFileType = sourcecode.swift; path = ViewController.swift; sourceTree = "<group>"; };
		841F119125D2F3F700F04EAF /* Base */ = {isa = PBXFileReference; lastKnownFileType = file.storyboard; name = Base; path = Base.lproj/Main.storyboard; sourceTree = "<group>"; };
		841F119325D2F3F800F04EAF /* Assets.xcassets */ = {isa = PBXFileReference; lastKnownFileType = folder.assetcatalog; path = Assets.xcassets; sourceTree = "<group>"; };
		841F119625D2F3F800F04EAF /* Base */ = {isa = PBXFileReference; lastKnownFileType = file.storyboard; name = Base; path = Base.lproj/LaunchScreen.storyboard; sourceTree = "<group>"; };
		841F119825D2F3F800F04EAF /* Info.plist */ = {isa = PBXFileReference; lastKnownFileType = text.plist.xml; path = Info.plist; sourceTree = "<group>"; };
/* End PBXFileReference section */

/* Begin PBXFrameworksBuildPhase section */
		841F118425D2F3F700F04EAF /* Frameworks */ = {
			isa = PBXFrameworksBuildPhase;
			buildActionMask = 2147483647;
			files = (
			);
			runOnlyForDeploymentPostprocessing = 0;
		};
/* End PBXFrameworksBuildPhase section */

/* Begin PBXGroup section */
		841F117E25D2F3F700F04EAF = {
			isa = PBXGroup;
			children = (
				841F118925D2F3F700F04EAF /* MyTownAttractions */,
				841F118825D2F3F700F04EAF /* Products */,
			);
			sourceTree = "<group>";
		};
		841F118825D2F3F700F04EAF /* Products */ = {
			isa = PBXGroup;
			children = (
				841F118725D2F3F700F04EAF /* MyTownAttractions.app */,
			);
			name = Products;
			sourceTree = "<group>";
		};
		841F118925D2F3F700F04EAF /* MyTownAttractions */ = {
			isa = PBXGroup;
			children = (
				841F118A25D2F3F700F04EAF /* AppDelegate.swift */,
				841F118C25D2F3F700F04EAF /* SceneDelegate.swift */,
				841F118E25D2F3F700F04EAF /* ViewController.swift */,
				841F119025D2F3F700F04EAF /* Main.storyboard */,
				841F119325D2F3F800F04EAF /* Assets.xcassets */,
				841F119525D2F3F800F04EAF /* LaunchScreen.storyboard */,
				841F119825D2F3F800F04EAF /* Info.plist */,
			);
			path = MyTownAttractions;
			sourceTree = "<group>";
		};
/* End PBXGroup section */

/* Begin PBXNativeTarget section */
		841F118625D2F3F700F04EAF /* MyTownAttractions */ = {
			isa = PBXNativeTarget;
			buildConfigurationList = 841F119B25D2F3F800F04EAF /* Build configuration list for PBXNativeTarget "MyTownAttractions" */;
			buildPhases = (
				841F118325D2F3F700F04EAF /* Sources */,
				841F118425D2F3F700F04EAF /* Frameworks */,
				841F118525D2F3F700F04EAF /* Resources */,
			);
			buildRules = (
			);
			dependencies = (
			);
			name = MyTownAttractions;
			productName = MyTownAttractions;
			productReference = 841F118725D2F3F700F04EAF /* MyTownAttractions.app */;
			productType = "com.apple.product-type.application";
		};
/* End PBXNativeTarget section */

/* Begin PBXProject section */
		841F117F25D2F3F700F04EAF /* Project object */ = {
			isa = PBXProject;
			attributes = {
				LastSwiftUpdateCheck = 1200;
				LastUpgradeCheck = 1200;
				TargetAttributes = {
					841F118625D2F3F700F04EAF = {
						CreatedOnToolsVersion = 12.0;
					};
				};
			};
			buildConfigurationList = 841F118225D2F3F700F04EAF /* Build configuration list for PBXProject "MyTownAttractions" */;
			compatibilityVersion = "Xcode 9.3";
			developmentRegion = en;
			hasScannedForEncodings = 0;
			knownRegions = (
				en,
				Base,
			);
			mainGroup = 841F117E25D2F3F700F04EAF;
			productRefGroup = 841F118825D2F3F700F04EAF /* Products */;
			projectDirPath = "";
			projectRoot = "";
			targets = (
				841F118625D2F3F700F04EAF /* MyTownAttractions */,
			);
		};
/* End PBXProject section */

/* Begin PBXResourcesBuildPhase section */
		841F118525D2F3F700F04EAF /* Resources */ = {
			isa = PBXResourcesBuildPhase;
			buildActionMask = 2147483647;
			files = (
				841F119725D2F3F800F04EAF /* LaunchScreen.storyboard in Resources */,
				841F119425D2F3F800F04EAF /* Assets.xcassets in Resources */,
				841F119225D2F3F700F04EAF /* Main.storyboard in Resources */,
			);
			runOnlyForDeploymentPostprocessing = 0;
		};
/* End PBXResourcesBuildPhase section */

/* Begin PBXSourcesBuildPhase section */
		841F118325D2F3F700F04EAF /* Sources */ = {
			isa = PBXSourcesBuildPhase;
			buildActionMask = 2147483647;
			files = (
				841F118F25D2F3F700F04EAF /* ViewController.swift in Sources */,
				841F118B25D2F3F700F04EAF /* AppDelegate.swift in Sources */,
				841F118D25D2F3F700F04EAF /* SceneDelegate.swift in Sources */,
			);
			runOnlyForDeploymentPostprocessing = 0;
		};
/* End PBXSourcesBuildPhase section */

/* Begin PBXVariantGroup section */
		841F119025D2F3F700F04EAF /* Main.storyboard */ = {
			isa = PBXVariantGroup;
			children = (
				841F119125D2F3F700F04EAF /* Base */,
			);
			name = Main.storyboard;
			sourceTree = "<group>";
		};
		841F119525D2F3F800F04EAF /* LaunchScreen.storyboard */ = {
			isa = PBXVariantGroup;
			children = (
				841F119625D2F3F800F04EAF /* Base */,
			);
			name = LaunchScreen.storyboard;
			sourceTree = "<group>";
		};
/* End PBXVariantGroup section */

/* Begin XCBuildConfiguration section */
		841F119925D2F3F800F04EAF /* Debug */ = {
			isa = XCBuildConfiguration;
			buildSettings = {
				ALWAYS_SEARCH_USER_PATHS = NO;
				CLANG_ANALYZER_NONNULL = YES;
				CLANG_ANALYZER_NUMBER_OBJECT_CONVERSION = YES_AGGRESSIVE;
				CLANG_CXX_LANGUAGE_STANDARD = "gnu++14";
				CLANG_CXX_LIBRARY = "libc++";
				CLANG_ENABLE_MODULES = YES;
				CLANG_ENABLE_OBJC_ARC = YES;
				CLANG_ENABLE_OBJC_WEAK = YES;
				CLANG_WARN_BLOCK_CAPTURE_AUTORELEASING = YES;
				CLANG_WARN_BOOL_CONVERSION = YES;
				CLANG_WARN_COMMA = YES;
				CLANG_WARN_CONSTANT_CONVERSION = YES;
				CLANG_WARN_DEPRECATED_OBJC_IMPLEMENTATIONS = YES;
				CLANG_WARN_DIRECT_OBJC_ISA_USAGE = YES_ERROR;
				CLANG_WARN_DOCUMENTATION_COMMENTS = YES;
				CLANG_WARN_EMPTY_BODY = YES;
				CLANG_WARN_ENUM_CONVERSION = YES;
				CLANG_WARN_INFINITE_RECURSION = YES;
				CLANG_WARN_INT_CONVERSION = YES;
				CLANG_WARN_NON_LITERAL_NULL_CONVERSION = YES;
				CLANG_WARN_OBJC_IMPLICIT_RETAIN_SELF = YES;
				CLANG_WARN_OBJC_LITERAL_CONVERSION = YES;
				CLANG_WARN_OBJC_ROOT_CLASS = YES_ERROR;
				CLANG_WARN_QUOTED_INCLUDE_IN_FRAMEWORK_HEADER = YES;
				CLANG_WARN_RANGE_LOOP_ANALYSIS = YES;
				CLANG_WARN_STRICT_PROTOTYPES = YES;
				CLANG_WARN_SUSPICIOUS_MOVE = YES;
				CLANG_WARN_UNGUARDED_AVAILABILITY = YES_AGGRESSIVE;
				CLANG_WARN_UNREACHABLE_CODE = YES;
				CLANG_WARN__DUPLICATE_METHOD_MATCH = YES;
				COPY_PHASE_STRIP = NO;
				DEBUG_INFORMATION_FORMAT = dwarf;
				ENABLE_STRICT_OBJC_MSGSEND = YES;
				ENABLE_TESTABILITY = YES;
				GCC_C_LANGUAGE_STANDARD = gnu11;
				GCC_DYNAMIC_NO_PIC = NO;
				GCC_NO_COMMON_BLOCKS = YES;
				GCC_OPTIMIZATION_LEVEL = 0;
				GCC_PREPROCESSOR_DEFINITIONS = (
					"DEBUG=1",
					"$(inherited)",
				);
				GCC_WARN_64_TO_32_BIT_CONVERSION = YES;
				GCC_WARN_ABOUT_RETURN_TYPE = YES_ERROR;
				GCC_WARN_UNDECLARED_SELECTOR = YES;
				GCC_WARN_UNINITIALIZED_AUTOS = YES_AGGRESSIVE;
				GCC_WARN_UNUSED_FUNCTION = YES;
				GCC_WARN_UNUSED_VARIABLE = YES;
				IPHONEOS_DEPLOYMENT_TARGET = 14.0;
				MTL_ENABLE_DEBUG_INFO = INCLUDE_SOURCE;
				MTL_FAST_MATH = YES;
				ONLY_ACTIVE_ARCH = YES;
				SDKROOT = iphoneos;
				SWIFT_ACTIVE_COMPILATION_CONDITIONS = DEBUG;
				SWIFT_OPTIMIZATION_LEVEL = "-Onone";
			};
			name = Debug;
		};
		841F119A25D2F3F800F04EAF /* Release */ = {
			isa = XCBuildConfiguration;
			buildSettings = {
				ALWAYS_SEARCH_USER_PATHS = NO;
				CLANG_ANALYZER_NONNULL = YES;
				CLANG_ANALYZER_NUMBER_OBJECT_CONVERSION = YES_AGGRESSIVE;
				CLANG_CXX_LANGUAGE_STANDARD = "gnu++14";
				CLANG_CXX_LIBRARY = "libc++";
				CLANG_ENABLE_MODULES = YES;
				CLANG_ENABLE_OBJC_ARC = YES;
				CLANG_ENABLE_OBJC_WEAK = YES;
				CLANG_WARN_BLOCK_CAPTURE_AUTORELEASING = YES;
				CLANG_WARN_BOOL_CONVERSION = YES;
				CLANG_WARN_COMMA = YES;
				CLANG_WARN_CONSTANT_CONVERSION = YES;
				CLANG_WARN_DEPRECATED_OBJC_IMPLEMENTATIONS = YES;
				CLANG_WARN_DIRECT_OBJC_ISA_USAGE = YES_ERROR;
				CLANG_WARN_DOCUMENTATION_COMMENTS = YES;
				CLANG_WARN_EMPTY_BODY = YES;
				CLANG_WARN_ENUM_CONVERSION = YES;
				CLANG_WARN_INFINITE_RECURSION = YES;
				CLANG_WARN_INT_CONVERSION = YES;
				CLANG_WARN_NON_LITERAL_NULL_CONVERSION = YES;
				CLANG_WARN_OBJC_IMPLICIT_RETAIN_SELF = YES;
				CLANG_WARN_OBJC_LITERAL_CONVERSION = YES;
				CLANG_WARN_OBJC_ROOT_CLASS = YES_ERROR;
				CLANG_WARN_QUOTED_INCLUDE_IN_FRAMEWORK_HEADER = YES;
				CLANG_WARN_RANGE_LOOP_ANALYSIS = YES;
				CLANG_WARN_STRICT_PROTOTYPES = YES;
				CLANG_WARN_SUSPICIOUS_MOVE = YES;
				CLANG_WARN_UNGUARDED_AVAILABILITY = YES_AGGRESSIVE;
				CLANG_WARN_UNREACHABLE_CODE = YES;
				CLANG_WARN__DUPLICATE_METHOD_MATCH = YES;
				COPY_PHASE_STRIP = NO;
				DEBUG_INFORMATION_FORMAT = "dwarf-with-dsym";
				ENABLE_NS_ASSERTIONS = NO;
				ENABLE_STRICT_OBJC_MSGSEND = YES;
				GCC_C_LANGUAGE_STANDARD = gnu11;
				GCC_NO_COMMON_BLOCKS = YES;
				GCC_WARN_64_TO_32_BIT_CONVERSION = YES;
				GCC_WARN_ABOUT_RETURN_TYPE = YES_ERROR;
				GCC_WARN_UNDECLARED_SELECTOR = YES;
				GCC_WARN_UNINITIALIZED_AUTOS = YES_AGGRESSIVE;
				GCC_WARN_UNUSED_FUNCTION = YES;
				GCC_WARN_UNUSED_VARIABLE = YES;
				IPHONEOS_DEPLOYMENT_TARGET = 14.0;
				MTL_ENABLE_DEBUG_INFO = NO;
				MTL_FAST_MATH = YES;
				SDKROOT = iphoneos;
				SWIFT_COMPILATION_MODE = wholemodule;
				SWIFT_OPTIMIZATION_LEVEL = "-O";
				VALIDATE_PRODUCT = YES;
			};
			name = Release;
		};
		841F119C25D2F3F800F04EAF /* Debug */ = {
			isa = XCBuildConfiguration;
			buildSettings = {
				ASSETCATALOG_COMPILER_APPICON_NAME = AppIcon;
				ASSETCATALOG_COMPILER_GLOBAL_ACCENT_COLOR_NAME = AccentColor;
				CODE_SIGN_STYLE = Automatic;
				DEVELOPMENT_TEAM = 5549XF852R;
				INFOPLIST_FILE = MyTownAttractions/Info.plist;
				LD_RUNPATH_SEARCH_PATHS = (
					"$(inherited)",
					"@executable_path/Frameworks",
				);
				PRODUCT_BUNDLE_IDENTIFIER = alexInc.MyTownAttractions;
				PRODUCT_NAME = "$(TARGET_NAME)";
				SWIFT_VERSION = 5.0;
				TARGETED_DEVICE_FAMILY = "1,2";
			};
			name = Debug;
		};
		841F119D25D2F3F800F04EAF /* Release */ = {
			isa = XCBuildConfiguration;
			buildSettings = {
				ASSETCATALOG_COMPILER_APPICON_NAME = AppIcon;
				ASSETCATALOG_COMPILER_GLOBAL_ACCENT_COLOR_NAME = AccentColor;
				CODE_SIGN_STYLE = Automatic;
				DEVELOPMENT_TEAM = 5549XF852R;
				INFOPLIST_FILE = MyTownAttractions/Info.plist;
				LD_RUNPATH_SEARCH_PATHS = (
					"$(inherited)",
					"@executable_path/Frameworks",
				);
				PRODUCT_BUNDLE_IDENTIFIER = alexInc.MyTownAttractions;
				PRODUCT_NAME = "$(TARGET_NAME)";
				SWIFT_VERSION = 5.0;
				TARGETED_DEVICE_FAMILY = "1,2";
			};
			name = Release;
		};
/* End XCBuildConfiguration section */

/* Begin XCConfigurationList section */
		841F118225D2F3F700F04EAF /* Build configuration list for PBXProject "MyTownAttractions" */ = {
			isa = XCConfigurationList;
			buildConfigurations = (
				841F119925D2F3F800F04EAF /* Debug */,
				841F119A25D2F3F800F04EAF /* Release */,
			);
			defaultConfigurationIsVisible = 0;
			defaultConfigurationName = Release;
		};
		841F119B25D2F3F800F04EAF /* Build configuration list for PBXNativeTarget "MyTownAttractions" */ = {
			isa = XCConfigurationList;
			buildConfigurations = (
				841F119C25D2F3F800F04EAF /* Debug */,
				841F119D25D2F3F800F04EAF /* Release */,
			);
			defaultConfigurationIsVisible = 0;
			defaultConfigurationName = Release;
		};
/* End XCConfigurationList section */
	};
	rootObject = 841F117F25D2F3F700F04EAF /* Project object */;
}
